
Microsoft Visual Studio Solution File, Format Version 10.00
# Visual Studio 2008
Project("{FAE04EC0-301F-11D3-BF4B-00C04F79EFBC}") = "Ncuhome.Login", "Ncuhome.Login.csproj", "{130802C5-6AC2-4AC7-8814-69AD5986A43D}"
EndProject
Global
	GlobalSection(SolutionConfigurationPlatforms) = preSolution
		Debug|Any CPU = Debug|Any CPU
		Release|Any CPU = Release|Any CPU
	EndGlobalSection
	GlobalSection(ProjectConfigurationPlatforms) = postSolution
		{130802C5-6AC2-4AC7-8814-69AD5986A43D}.Debug|Any CPU.ActiveCfg = Debug|Any CPU
		{130802C5-6AC2-4AC7-8814-69AD5986A43D}.Debug|Any CPU.Build.0 = Debug|Any CPU
		{130802C5-6AC2-4AC7-8814-69AD5986A43D}.Release|Any CPU.ActiveCfg = Release|Any CPU
		{130802C5-6AC2-4AC7-8814-69AD5986A43D}.Release|Any CPU.Build.0 = Release|Any CPU
	EndGlobalSection
	GlobalSection(SolutionProperties) = preSolution
		HideSolutionNode = FALSE
	EndGlobalSection
	
EndGlobal
