
Microsoft Visual Studio Solution File, Format Version 11.00
# Visual Studio 2010
Project("{FAE04EC0-301F-11D3-BF4B-00C04F79EFBC}") = "Nuhome.FrameWork", "Nuhome.FrameWork\Nuhome.FrameWork.csproj", "{D8CF5C3A-88E7-455C-A6CB-94CA8FEC1537}"
EndProject
Project("{2150E333-8FDC-42A3-9474-1A3956D46DE8}") = "Reference Assembly", "Reference Assembly", "{6300DCCA-4FAE-4054-80C5-65F7C0E7A867}"
EndProject
Project("{2150E333-8FDC-42A3-9474-1A3956D46DE8}") = "Ncuhome.Chat", "Ncuhome.Chat", "{3AA8B82A-F6AA-457E-B75A-B9C3ACC49C17}"
EndProject
Project("{FAE04EC0-301F-11D3-BF4B-00C04F79EFBC}") = "Ncuhome.Chat.XmlDataProvider", "Ncuhome.Chat\XmlDataProvider\Ncuhome.Chat.XmlDataProvider.csproj", "{C833B645-D2D3-480B-B251-D06247CBC927}"
EndProject
Project("{FAE04EC0-301F-11D3-BF4B-00C04F79EFBC}") = "Ncuhome.Chat.Model", "Ncuhome.Chat\Ncuhome.Chat.Model\Ncuhome.Chat.Model.csproj", "{4D1D06E6-40C7-4302-8E42-C588B607D4D0}"
EndProject
Project("{FAE04EC0-301F-11D3-BF4B-00C04F79EFBC}") = "Ncuhome.Chat.DataGateWay", "Ncuhome.Chat\Ncuhome.Chat.DataGateWay\Ncuhome.Chat.DataGateWay.csproj", "{AEAAB5CA-D9AD-4DE3-AB9D-3768ECC83FA4}"
EndProject
Project("{FAE04EC0-301F-11D3-BF4B-00C04F79EFBC}") = "Ncuhome.Chat.SqlDataProvider", "Ncuhome.Chat\Ncuhome.Chat.DataService\Ncuhome.Chat.SqlDataProvider.csproj", "{F402C820-E8D4-47EC-A0B0-BBBD72567F75}"
EndProject
Project("{E24C65DC-7377-472B-9ABA-BC803B73C61A}") = "Ncuhome.Chat.WebSite", "Ncuhome.Chat\Ncuhome.Chat.WebSite\", "{06293C60-A6F4-4F50-A8A4-D9BA4A0A0C06}"
	ProjectSection(WebsiteProperties) = preProject
		TargetFrameworkMoniker = ".NETFramework,Version%3Dv3.5"
		ProjectReferences = "{AEAAB5CA-D9AD-4DE3-AB9D-3768ECC83FA4}|Ncuhome.Chat.DataGateWay.dll;{4D1D06E6-40C7-4302-8E42-C588B607D4D0}|Ncuhome.Chat.Model.dll;{D8CF5C3A-88E7-455C-A6CB-94CA8FEC1537}|Nuhome.FrameWork.dll;{41FCDB1D-1916-46FB-BFDC-198C76D2C14C}|Ncuhome.Chat.Core.dll;{F402C820-E8D4-47EC-A0B0-BBBD72567F75}|Ncuhome.Chat.DataService.dll;{C833B645-D2D3-480B-B251-D06247CBC927}|XmlDataProvider.dll;{1FEE1C51-4602-4823-91CC-1638F3B5C4E3}|Ncuhome.Chat.IISChatServer.dll;"
		Debug.AspNetCompiler.VirtualPath = "/Ncuhome.Chat.WebSite"
		Debug.AspNetCompiler.PhysicalPath = "Ncuhome.Chat\Ncuhome.Chat.WebSite\"
		Debug.AspNetCompiler.TargetPath = "PrecompiledWeb\Ncuhome.Chat.WebSite\"
		Debug.AspNetCompiler.Updateable = "true"
		Debug.AspNetCompiler.ForceOverwrite = "true"
		Debug.AspNetCompiler.FixedNames = "false"
		Debug.AspNetCompiler.Debug = "True"
		Release.AspNetCompiler.VirtualPath = "/Ncuhome.Chat.WebSite"
		Release.AspNetCompiler.PhysicalPath = "Ncuhome.Chat\Ncuhome.Chat.WebSite\"
		Release.AspNetCompiler.TargetPath = "PrecompiledWeb\Ncuhome.Chat.WebSite\"
		Release.AspNetCompiler.Updateable = "true"
		Release.AspNetCompiler.ForceOverwrite = "true"
		Release.AspNetCompiler.FixedNames = "false"
		Release.AspNetCompiler.Debug = "False"
		VWDPort = "1052"
	EndProjectSection
EndProject
Project("{FAE04EC0-301F-11D3-BF4B-00C04F79EFBC}") = "Ncuhome.Chat.IISChatServer", "Ncuhome.Chat\Ncuhome.Chat.IISChatServer\Ncuhome.Chat.IISChatServer.csproj", "{1FEE1C51-4602-4823-91CC-1638F3B5C4E3}"
EndProject
Project("{FAE04EC0-301F-11D3-BF4B-00C04F79EFBC}") = "Ncuhome.Chat.HttpChatServer", "Ncuhome.Chat\Ncuhome.Chat.HttpChatServer\Ncuhome.Chat.HttpChatServer.csproj", "{17CC6447-A665-4158-88B2-43A5F7EA29C4}"
EndProject
Project("{FAE04EC0-301F-11D3-BF4B-00C04F79EFBC}") = "Ncuhome.Chat.TcpChatServer", "Ncuhome.Chat\Ncuhome.Chat.TcpChatServer\Ncuhome.Chat.TcpChatServer.csproj", "{1EA5B4F6-828B-4B70-A924-590BCA56DD9B}"
EndProject
Project("{2150E333-8FDC-42A3-9474-1A3956D46DE8}") = "Ncuhome.UploadServer", "Ncuhome.UploadServer", "{96949148-8558-4406-AB2F-38A6F3E10132}"
	ProjectSection(SolutionItems) = preProject
		Ncuhome.UploadServer\readme.txt = Ncuhome.UploadServer\readme.txt
	EndProjectSection
EndProject
Project("{FAE04EC0-301F-11D3-BF4B-00C04F79EFBC}") = "IISLargeFileUpload", "Ncuhome.UploadServer\IISLargeFileUpload\IISLargeFileUpload.csproj", "{854B4E0A-1D53-42F8-AE78-4631DE4EA748}"
EndProject
Project("{FAE04EC0-301F-11D3-BF4B-00C04F79EFBC}") = "HttpLargeFileUpload", "Ncuhome.UploadServer\HttpLargeFileUpload\HttpLargeFileUpload.csproj", "{C6864F50-ED14-4AE3-81C8-C353C2FBF447}"
EndProject
Project("{FAE04EC0-301F-11D3-BF4B-00C04F79EFBC}") = "TcpFileUpload", "Ncuhome.UploadServer\TcpFileUpload\TcpFileUpload.csproj", "{441AEC49-2ACD-41DA-8BB5-4F5DF047E98D}"
EndProject
Project("{2150E333-8FDC-42A3-9474-1A3956D46DE8}") = "Test", "Test", "{955099B8-A90D-4A28-8898-2E386F35BF2C}"
EndProject
Project("{FAE04EC0-301F-11D3-BF4B-00C04F79EFBC}") = "TestConsoleApplication", "Test\TestConsoleApplication\TestConsoleApplication.csproj", "{01BD7466-6725-41A8-A256-4B0CDE0033AD}"
EndProject
Project("{E24C65DC-7377-472B-9ABA-BC803B73C61A}") = "TestWebSite", "Test\TestWebSite\", "{EEC00C24-4B33-4A74-8D86-DDD770D474EB}"
	ProjectSection(WebsiteProperties) = preProject
		TargetFrameworkMoniker = ".NETFramework,Version%3Dv4.0"
		Debug.AspNetCompiler.VirtualPath = "/TestWebSite"
		Debug.AspNetCompiler.PhysicalPath = "Test\TestWebSite\"
		Debug.AspNetCompiler.TargetPath = "PrecompiledWeb\TestWebSite\"
		Debug.AspNetCompiler.Updateable = "true"
		Debug.AspNetCompiler.ForceOverwrite = "true"
		Debug.AspNetCompiler.FixedNames = "false"
		Debug.AspNetCompiler.Debug = "True"
		Release.AspNetCompiler.VirtualPath = "/TestWebSite"
		Release.AspNetCompiler.PhysicalPath = "Test\TestWebSite\"
		Release.AspNetCompiler.TargetPath = "PrecompiledWeb\TestWebSite\"
		Release.AspNetCompiler.Updateable = "true"
		Release.AspNetCompiler.ForceOverwrite = "true"
		Release.AspNetCompiler.FixedNames = "false"
		Release.AspNetCompiler.Debug = "False"
		VWDPort = "1072"
		DefaultWebSiteLanguage = "Visual C#"
	EndProjectSection
EndProject
Project("{FAE04EC0-301F-11D3-BF4B-00C04F79EFBC}") = "Ncuhome.Chat.Core", "Ncuhome.Chat\Ncuhome.Chat.Core\Ncuhome.Chat.Core.csproj", "{41FCDB1D-1916-46FB-BFDC-198C76D2C14C}"
EndProject
Project("{FAE04EC0-301F-11D3-BF4B-00C04F79EFBC}") = "Ncuhome.Chat.Test", "Ncuhome.Chat\Ncuhome.Chat.Test\Ncuhome.Chat.Test.csproj", "{7801656B-3355-4623-8793-AC230A29C96C}"
EndProject
Project("{2150E333-8FDC-42A3-9474-1A3956D46DE8}") = "Ncuhome.P2P", "Ncuhome.P2P", "{6C852FE3-6177-4656-B17B-F29FAD91A121}"
EndProject
Project("{FAE04EC0-301F-11D3-BF4B-00C04F79EFBC}") = "Ncuhome.P2P.Core", "Ncuhome.P2P\Ncuhome.P2P.Core\Ncuhome.P2P.Core.csproj", "{FAABC76E-8F4E-438E-96F5-1E6A13E1B96A}"
EndProject
Global
	GlobalSection(SolutionConfigurationPlatforms) = preSolution
		Debug|Any CPU = Debug|Any CPU
		Debug|Mixed Platforms = Debug|Mixed Platforms
		Debug|x86 = Debug|x86
		Release|Any CPU = Release|Any CPU
		Release|Mixed Platforms = Release|Mixed Platforms
		Release|x86 = Release|x86
	EndGlobalSection
	GlobalSection(ProjectConfigurationPlatforms) = postSolution
		{D8CF5C3A-88E7-455C-A6CB-94CA8FEC1537}.Debug|Any CPU.ActiveCfg = Debug|Any CPU
		{D8CF5C3A-88E7-455C-A6CB-94CA8FEC1537}.Debug|Any CPU.Build.0 = Debug|Any CPU
		{D8CF5C3A-88E7-455C-A6CB-94CA8FEC1537}.Debug|Mixed Platforms.ActiveCfg = Debug|Any CPU
		{D8CF5C3A-88E7-455C-A6CB-94CA8FEC1537}.Debug|Mixed Platforms.Build.0 = Debug|Any CPU
		{D8CF5C3A-88E7-455C-A6CB-94CA8FEC1537}.Debug|x86.ActiveCfg = Debug|Any CPU
		{D8CF5C3A-88E7-455C-A6CB-94CA8FEC1537}.Release|Any CPU.ActiveCfg = Release|Any CPU
		{D8CF5C3A-88E7-455C-A6CB-94CA8FEC1537}.Release|Any CPU.Build.0 = Release|Any CPU
		{D8CF5C3A-88E7-455C-A6CB-94CA8FEC1537}.Release|Mixed Platforms.ActiveCfg = Release|Any CPU
		{D8CF5C3A-88E7-455C-A6CB-94CA8FEC1537}.Release|Mixed Platforms.Build.0 = Release|Any CPU
		{D8CF5C3A-88E7-455C-A6CB-94CA8FEC1537}.Release|x86.ActiveCfg = Release|Any CPU
		{C833B645-D2D3-480B-B251-D06247CBC927}.Debug|Any CPU.ActiveCfg = Debug|Any CPU
		{C833B645-D2D3-480B-B251-D06247CBC927}.Debug|Any CPU.Build.0 = Debug|Any CPU
		{C833B645-D2D3-480B-B251-D06247CBC927}.Debug|Mixed Platforms.ActiveCfg = Debug|Any CPU
		{C833B645-D2D3-480B-B251-D06247CBC927}.Debug|Mixed Platforms.Build.0 = Debug|Any CPU
		{C833B645-D2D3-480B-B251-D06247CBC927}.Debug|x86.ActiveCfg = Debug|Any CPU
		{C833B645-D2D3-480B-B251-D06247CBC927}.Release|Any CPU.ActiveCfg = Release|Any CPU
		{C833B645-D2D3-480B-B251-D06247CBC927}.Release|Any CPU.Build.0 = Release|Any CPU
		{C833B645-D2D3-480B-B251-D06247CBC927}.Release|Mixed Platforms.ActiveCfg = Release|Any CPU
		{C833B645-D2D3-480B-B251-D06247CBC927}.Release|Mixed Platforms.Build.0 = Release|Any CPU
		{C833B645-D2D3-480B-B251-D06247CBC927}.Release|x86.ActiveCfg = Release|Any CPU
		{4D1D06E6-40C7-4302-8E42-C588B607D4D0}.Debug|Any CPU.ActiveCfg = Debug|Any CPU
		{4D1D06E6-40C7-4302-8E42-C588B607D4D0}.Debug|Any CPU.Build.0 = Debug|Any CPU
		{4D1D06E6-40C7-4302-8E42-C588B607D4D0}.Debug|Mixed Platforms.ActiveCfg = Debug|Any CPU
		{4D1D06E6-40C7-4302-8E42-C588B607D4D0}.Debug|Mixed Platforms.Build.0 = Debug|Any CPU
		{4D1D06E6-40C7-4302-8E42-C588B607D4D0}.Debug|x86.ActiveCfg = Debug|Any CPU
		{4D1D06E6-40C7-4302-8E42-C588B607D4D0}.Release|Any CPU.ActiveCfg = Release|Any CPU
		{4D1D06E6-40C7-4302-8E42-C588B607D4D0}.Release|Any CPU.Build.0 = Release|Any CPU
		{4D1D06E6-40C7-4302-8E42-C588B607D4D0}.Release|Mixed Platforms.ActiveCfg = Release|Any CPU
		{4D1D06E6-40C7-4302-8E42-C588B607D4D0}.Release|Mixed Platforms.Build.0 = Release|Any CPU
		{4D1D06E6-40C7-4302-8E42-C588B607D4D0}.Release|x86.ActiveCfg = Release|Any CPU
		{AEAAB5CA-D9AD-4DE3-AB9D-3768ECC83FA4}.Debug|Any CPU.ActiveCfg = Debug|Any CPU
		{AEAAB5CA-D9AD-4DE3-AB9D-3768ECC83FA4}.Debug|Any CPU.Build.0 = Debug|Any CPU
		{AEAAB5CA-D9AD-4DE3-AB9D-3768ECC83FA4}.Debug|Mixed Platforms.ActiveCfg = Debug|Any CPU
		{AEAAB5CA-D9AD-4DE3-AB9D-3768ECC83FA4}.Debug|Mixed Platforms.Build.0 = Debug|Any CPU
		{AEAAB5CA-D9AD-4DE3-AB9D-3768ECC83FA4}.Debug|x86.ActiveCfg = Debug|Any CPU
		{AEAAB5CA-D9AD-4DE3-AB9D-3768ECC83FA4}.Release|Any CPU.ActiveCfg = Release|Any CPU
		{AEAAB5CA-D9AD-4DE3-AB9D-3768ECC83FA4}.Release|Any CPU.Build.0 = Release|Any CPU
		{AEAAB5CA-D9AD-4DE3-AB9D-3768ECC83FA4}.Release|Mixed Platforms.ActiveCfg = Release|Any CPU
		{AEAAB5CA-D9AD-4DE3-AB9D-3768ECC83FA4}.Release|Mixed Platforms.Build.0 = Release|Any CPU
		{AEAAB5CA-D9AD-4DE3-AB9D-3768ECC83FA4}.Release|x86.ActiveCfg = Release|Any CPU
		{F402C820-E8D4-47EC-A0B0-BBBD72567F75}.Debug|Any CPU.ActiveCfg = Debug|Any CPU
		{F402C820-E8D4-47EC-A0B0-BBBD72567F75}.Debug|Any CPU.Build.0 = Debug|Any CPU
		{F402C820-E8D4-47EC-A0B0-BBBD72567F75}.Debug|Mixed Platforms.ActiveCfg = Debug|Any CPU
		{F402C820-E8D4-47EC-A0B0-BBBD72567F75}.Debug|Mixed Platforms.Build.0 = Debug|Any CPU
		{F402C820-E8D4-47EC-A0B0-BBBD72567F75}.Debug|x86.ActiveCfg = Debug|Any CPU
		{F402C820-E8D4-47EC-A0B0-BBBD72567F75}.Release|Any CPU.ActiveCfg = Release|Any CPU
		{F402C820-E8D4-47EC-A0B0-BBBD72567F75}.Release|Any CPU.Build.0 = Release|Any CPU
		{F402C820-E8D4-47EC-A0B0-BBBD72567F75}.Release|Mixed Platforms.ActiveCfg = Release|Any CPU
		{F402C820-E8D4-47EC-A0B0-BBBD72567F75}.Release|Mixed Platforms.Build.0 = Release|Any CPU
		{F402C820-E8D4-47EC-A0B0-BBBD72567F75}.Release|x86.ActiveCfg = Release|Any CPU
		{06293C60-A6F4-4F50-A8A4-D9BA4A0A0C06}.Debug|Any CPU.ActiveCfg = Debug|Any CPU
		{06293C60-A6F4-4F50-A8A4-D9BA4A0A0C06}.Debug|Any CPU.Build.0 = Debug|Any CPU
		{06293C60-A6F4-4F50-A8A4-D9BA4A0A0C06}.Debug|Mixed Platforms.ActiveCfg = Debug|Any CPU
		{06293C60-A6F4-4F50-A8A4-D9BA4A0A0C06}.Debug|Mixed Platforms.Build.0 = Debug|Any CPU
		{06293C60-A6F4-4F50-A8A4-D9BA4A0A0C06}.Debug|x86.ActiveCfg = Debug|Any CPU
		{06293C60-A6F4-4F50-A8A4-D9BA4A0A0C06}.Release|Any CPU.ActiveCfg = Debug|Any CPU
		{06293C60-A6F4-4F50-A8A4-D9BA4A0A0C06}.Release|Any CPU.Build.0 = Debug|Any CPU
		{06293C60-A6F4-4F50-A8A4-D9BA4A0A0C06}.Release|Mixed Platforms.ActiveCfg = Debug|Any CPU
		{06293C60-A6F4-4F50-A8A4-D9BA4A0A0C06}.Release|Mixed Platforms.Build.0 = Debug|Any CPU
		{06293C60-A6F4-4F50-A8A4-D9BA4A0A0C06}.Release|x86.ActiveCfg = Debug|Any CPU
		{1FEE1C51-4602-4823-91CC-1638F3B5C4E3}.Debug|Any CPU.ActiveCfg = Debug|Any CPU
		{1FEE1C51-4602-4823-91CC-1638F3B5C4E3}.Debug|Any CPU.Build.0 = Debug|Any CPU
		{1FEE1C51-4602-4823-91CC-1638F3B5C4E3}.Debug|Mixed Platforms.ActiveCfg = Debug|Any CPU
		{1FEE1C51-4602-4823-91CC-1638F3B5C4E3}.Debug|Mixed Platforms.Build.0 = Debug|Any CPU
		{1FEE1C51-4602-4823-91CC-1638F3B5C4E3}.Debug|x86.ActiveCfg = Debug|Any CPU
		{1FEE1C51-4602-4823-91CC-1638F3B5C4E3}.Release|Any CPU.ActiveCfg = Release|Any CPU
		{1FEE1C51-4602-4823-91CC-1638F3B5C4E3}.Release|Any CPU.Build.0 = Release|Any CPU
		{1FEE1C51-4602-4823-91CC-1638F3B5C4E3}.Release|Mixed Platforms.ActiveCfg = Release|Any CPU
		{1FEE1C51-4602-4823-91CC-1638F3B5C4E3}.Release|Mixed Platforms.Build.0 = Release|Any CPU
		{1FEE1C51-4602-4823-91CC-1638F3B5C4E3}.Release|x86.ActiveCfg = Release|Any CPU
		{17CC6447-A665-4158-88B2-43A5F7EA29C4}.Debug|Any CPU.ActiveCfg = Debug|Any CPU
		{17CC6447-A665-4158-88B2-43A5F7EA29C4}.Debug|Any CPU.Build.0 = Debug|Any CPU
		{17CC6447-A665-4158-88B2-43A5F7EA29C4}.Debug|Mixed Platforms.ActiveCfg = Debug|Any CPU
		{17CC6447-A665-4158-88B2-43A5F7EA29C4}.Debug|Mixed Platforms.Build.0 = Debug|Any CPU
		{17CC6447-A665-4158-88B2-43A5F7EA29C4}.Debug|x86.ActiveCfg = Debug|Any CPU
		{17CC6447-A665-4158-88B2-43A5F7EA29C4}.Release|Any CPU.ActiveCfg = Release|Any CPU
		{17CC6447-A665-4158-88B2-43A5F7EA29C4}.Release|Any CPU.Build.0 = Release|Any CPU
		{17CC6447-A665-4158-88B2-43A5F7EA29C4}.Release|Mixed Platforms.ActiveCfg = Release|Any CPU
		{17CC6447-A665-4158-88B2-43A5F7EA29C4}.Release|Mixed Platforms.Build.0 = Release|Any CPU
		{17CC6447-A665-4158-88B2-43A5F7EA29C4}.Release|x86.ActiveCfg = Release|Any CPU
		{1EA5B4F6-828B-4B70-A924-590BCA56DD9B}.Debug|Any CPU.ActiveCfg = Debug|Any CPU
		{1EA5B4F6-828B-4B70-A924-590BCA56DD9B}.Debug|Any CPU.Build.0 = Debug|Any CPU
		{1EA5B4F6-828B-4B70-A924-590BCA56DD9B}.Debug|Mixed Platforms.ActiveCfg = Debug|Any CPU
		{1EA5B4F6-828B-4B70-A924-590BCA56DD9B}.Debug|Mixed Platforms.Build.0 = Debug|Any CPU
		{1EA5B4F6-828B-4B70-A924-590BCA56DD9B}.Debug|x86.ActiveCfg = Debug|Any CPU
		{1EA5B4F6-828B-4B70-A924-590BCA56DD9B}.Release|Any CPU.ActiveCfg = Release|Any CPU
		{1EA5B4F6-828B-4B70-A924-590BCA56DD9B}.Release|Any CPU.Build.0 = Release|Any CPU
		{1EA5B4F6-828B-4B70-A924-590BCA56DD9B}.Release|Mixed Platforms.ActiveCfg = Release|Any CPU
		{1EA5B4F6-828B-4B70-A924-590BCA56DD9B}.Release|Mixed Platforms.Build.0 = Release|Any CPU
		{1EA5B4F6-828B-4B70-A924-590BCA56DD9B}.Release|x86.ActiveCfg = Release|Any CPU
		{854B4E0A-1D53-42F8-AE78-4631DE4EA748}.Debug|Any CPU.ActiveCfg = Debug|Any CPU
		{854B4E0A-1D53-42F8-AE78-4631DE4EA748}.Debug|Any CPU.Build.0 = Debug|Any CPU
		{854B4E0A-1D53-42F8-AE78-4631DE4EA748}.Debug|Mixed Platforms.ActiveCfg = Debug|Any CPU
		{854B4E0A-1D53-42F8-AE78-4631DE4EA748}.Debug|Mixed Platforms.Build.0 = Debug|Any CPU
		{854B4E0A-1D53-42F8-AE78-4631DE4EA748}.Debug|x86.ActiveCfg = Debug|Any CPU
		{854B4E0A-1D53-42F8-AE78-4631DE4EA748}.Release|Any CPU.ActiveCfg = Release|Any CPU
		{854B4E0A-1D53-42F8-AE78-4631DE4EA748}.Release|Any CPU.Build.0 = Release|Any CPU
		{854B4E0A-1D53-42F8-AE78-4631DE4EA748}.Release|Mixed Platforms.ActiveCfg = Release|Any CPU
		{854B4E0A-1D53-42F8-AE78-4631DE4EA748}.Release|Mixed Platforms.Build.0 = Release|Any CPU
		{854B4E0A-1D53-42F8-AE78-4631DE4EA748}.Release|x86.ActiveCfg = Release|Any CPU
		{C6864F50-ED14-4AE3-81C8-C353C2FBF447}.Debug|Any CPU.ActiveCfg = Debug|Any CPU
		{C6864F50-ED14-4AE3-81C8-C353C2FBF447}.Debug|Any CPU.Build.0 = Debug|Any CPU
		{C6864F50-ED14-4AE3-81C8-C353C2FBF447}.Debug|Mixed Platforms.ActiveCfg = Debug|Any CPU
		{C6864F50-ED14-4AE3-81C8-C353C2FBF447}.Debug|Mixed Platforms.Build.0 = Debug|Any CPU
		{C6864F50-ED14-4AE3-81C8-C353C2FBF447}.Debug|x86.ActiveCfg = Debug|Any CPU
		{C6864F50-ED14-4AE3-81C8-C353C2FBF447}.Release|Any CPU.ActiveCfg = Release|Any CPU
		{C6864F50-ED14-4AE3-81C8-C353C2FBF447}.Release|Any CPU.Build.0 = Release|Any CPU
		{C6864F50-ED14-4AE3-81C8-C353C2FBF447}.Release|Mixed Platforms.ActiveCfg = Release|Any CPU
		{C6864F50-ED14-4AE3-81C8-C353C2FBF447}.Release|Mixed Platforms.Build.0 = Release|Any CPU
		{C6864F50-ED14-4AE3-81C8-C353C2FBF447}.Release|x86.ActiveCfg = Release|Any CPU
		{441AEC49-2ACD-41DA-8BB5-4F5DF047E98D}.Debug|Any CPU.ActiveCfg = Debug|Any CPU
		{441AEC49-2ACD-41DA-8BB5-4F5DF047E98D}.Debug|Any CPU.Build.0 = Debug|Any CPU
		{441AEC49-2ACD-41DA-8BB5-4F5DF047E98D}.Debug|Mixed Platforms.ActiveCfg = Debug|Any CPU
		{441AEC49-2ACD-41DA-8BB5-4F5DF047E98D}.Debug|Mixed Platforms.Build.0 = Debug|Any CPU
		{441AEC49-2ACD-41DA-8BB5-4F5DF047E98D}.Debug|x86.ActiveCfg = Debug|Any CPU
		{441AEC49-2ACD-41DA-8BB5-4F5DF047E98D}.Release|Any CPU.ActiveCfg = Release|Any CPU
		{441AEC49-2ACD-41DA-8BB5-4F5DF047E98D}.Release|Any CPU.Build.0 = Release|Any CPU
		{441AEC49-2ACD-41DA-8BB5-4F5DF047E98D}.Release|Mixed Platforms.ActiveCfg = Release|Any CPU
		{441AEC49-2ACD-41DA-8BB5-4F5DF047E98D}.Release|Mixed Platforms.Build.0 = Release|Any CPU
		{441AEC49-2ACD-41DA-8BB5-4F5DF047E98D}.Release|x86.ActiveCfg = Release|Any CPU
		{01BD7466-6725-41A8-A256-4B0CDE0033AD}.Debug|Any CPU.ActiveCfg = Debug|x86
		{01BD7466-6725-41A8-A256-4B0CDE0033AD}.Debug|Mixed Platforms.ActiveCfg = Debug|x86
		{01BD7466-6725-41A8-A256-4B0CDE0033AD}.Debug|Mixed Platforms.Build.0 = Debug|x86
		{01BD7466-6725-41A8-A256-4B0CDE0033AD}.Debug|x86.ActiveCfg = Debug|x86
		{01BD7466-6725-41A8-A256-4B0CDE0033AD}.Debug|x86.Build.0 = Debug|x86
		{01BD7466-6725-41A8-A256-4B0CDE0033AD}.Release|Any CPU.ActiveCfg = Release|x86
		{01BD7466-6725-41A8-A256-4B0CDE0033AD}.Release|Mixed Platforms.ActiveCfg = Release|x86
		{01BD7466-6725-41A8-A256-4B0CDE0033AD}.Release|Mixed Platforms.Build.0 = Release|x86
		{01BD7466-6725-41A8-A256-4B0CDE0033AD}.Release|x86.ActiveCfg = Release|x86
		{01BD7466-6725-41A8-A256-4B0CDE0033AD}.Release|x86.Build.0 = Release|x86
		{EEC00C24-4B33-4A74-8D86-DDD770D474EB}.Debug|Any CPU.ActiveCfg = Debug|Any CPU
		{EEC00C24-4B33-4A74-8D86-DDD770D474EB}.Debug|Any CPU.Build.0 = Debug|Any CPU
		{EEC00C24-4B33-4A74-8D86-DDD770D474EB}.Debug|Mixed Platforms.ActiveCfg = Debug|Any CPU
		{EEC00C24-4B33-4A74-8D86-DDD770D474EB}.Debug|Mixed Platforms.Build.0 = Debug|Any CPU
		{EEC00C24-4B33-4A74-8D86-DDD770D474EB}.Debug|x86.ActiveCfg = Debug|Any CPU
		{EEC00C24-4B33-4A74-8D86-DDD770D474EB}.Release|Any CPU.ActiveCfg = Debug|Any CPU
		{EEC00C24-4B33-4A74-8D86-DDD770D474EB}.Release|Any CPU.Build.0 = Debug|Any CPU
		{EEC00C24-4B33-4A74-8D86-DDD770D474EB}.Release|Mixed Platforms.ActiveCfg = Debug|Any CPU
		{EEC00C24-4B33-4A74-8D86-DDD770D474EB}.Release|Mixed Platforms.Build.0 = Debug|Any CPU
		{EEC00C24-4B33-4A74-8D86-DDD770D474EB}.Release|x86.ActiveCfg = Debug|Any CPU
		{41FCDB1D-1916-46FB-BFDC-198C76D2C14C}.Debug|Any CPU.ActiveCfg = Debug|Any CPU
		{41FCDB1D-1916-46FB-BFDC-198C76D2C14C}.Debug|Any CPU.Build.0 = Debug|Any CPU
		{41FCDB1D-1916-46FB-BFDC-198C76D2C14C}.Debug|Mixed Platforms.ActiveCfg = Debug|Any CPU
		{41FCDB1D-1916-46FB-BFDC-198C76D2C14C}.Debug|Mixed Platforms.Build.0 = Debug|Any CPU
		{41FCDB1D-1916-46FB-BFDC-198C76D2C14C}.Debug|x86.ActiveCfg = Debug|Any CPU
		{41FCDB1D-1916-46FB-BFDC-198C76D2C14C}.Release|Any CPU.ActiveCfg = Release|Any CPU
		{41FCDB1D-1916-46FB-BFDC-198C76D2C14C}.Release|Any CPU.Build.0 = Release|Any CPU
		{41FCDB1D-1916-46FB-BFDC-198C76D2C14C}.Release|Mixed Platforms.ActiveCfg = Release|Any CPU
		{41FCDB1D-1916-46FB-BFDC-198C76D2C14C}.Release|Mixed Platforms.Build.0 = Release|Any CPU
		{41FCDB1D-1916-46FB-BFDC-198C76D2C14C}.Release|x86.ActiveCfg = Release|Any CPU
		{7801656B-3355-4623-8793-AC230A29C96C}.Debug|Any CPU.ActiveCfg = Debug|x86
		{7801656B-3355-4623-8793-AC230A29C96C}.Debug|Mixed Platforms.ActiveCfg = Debug|x86
		{7801656B-3355-4623-8793-AC230A29C96C}.Debug|Mixed Platforms.Build.0 = Debug|x86
		{7801656B-3355-4623-8793-AC230A29C96C}.Debug|x86.ActiveCfg = Debug|x86
		{7801656B-3355-4623-8793-AC230A29C96C}.Debug|x86.Build.0 = Debug|x86
		{7801656B-3355-4623-8793-AC230A29C96C}.Release|Any CPU.ActiveCfg = Release|x86
		{7801656B-3355-4623-8793-AC230A29C96C}.Release|Mixed Platforms.ActiveCfg = Release|x86
		{7801656B-3355-4623-8793-AC230A29C96C}.Release|Mixed Platforms.Build.0 = Release|x86
		{7801656B-3355-4623-8793-AC230A29C96C}.Release|x86.ActiveCfg = Release|x86
		{7801656B-3355-4623-8793-AC230A29C96C}.Release|x86.Build.0 = Release|x86
		{FAABC76E-8F4E-438E-96F5-1E6A13E1B96A}.Debug|Any CPU.ActiveCfg = Debug|x86
		{FAABC76E-8F4E-438E-96F5-1E6A13E1B96A}.Debug|Mixed Platforms.ActiveCfg = Debug|x86
		{FAABC76E-8F4E-438E-96F5-1E6A13E1B96A}.Debug|Mixed Platforms.Build.0 = Debug|x86
		{FAABC76E-8F4E-438E-96F5-1E6A13E1B96A}.Debug|x86.ActiveCfg = Debug|x86
		{FAABC76E-8F4E-438E-96F5-1E6A13E1B96A}.Debug|x86.Build.0 = Debug|x86
		{FAABC76E-8F4E-438E-96F5-1E6A13E1B96A}.Release|Any CPU.ActiveCfg = Release|x86
		{FAABC76E-8F4E-438E-96F5-1E6A13E1B96A}.Release|Mixed Platforms.ActiveCfg = Release|x86
		{FAABC76E-8F4E-438E-96F5-1E6A13E1B96A}.Release|Mixed Platforms.Build.0 = Release|x86
		{FAABC76E-8F4E-438E-96F5-1E6A13E1B96A}.Release|x86.ActiveCfg = Release|x86
		{FAABC76E-8F4E-438E-96F5-1E6A13E1B96A}.Release|x86.Build.0 = Release|x86
	EndGlobalSection
	GlobalSection(SolutionProperties) = preSolution
		HideSolutionNode = FALSE
	EndGlobalSection
	GlobalSection(NestedProjects) = preSolution
		{C833B645-D2D3-480B-B251-D06247CBC927} = {3AA8B82A-F6AA-457E-B75A-B9C3ACC49C17}
		{4D1D06E6-40C7-4302-8E42-C588B607D4D0} = {3AA8B82A-F6AA-457E-B75A-B9C3ACC49C17}
		{AEAAB5CA-D9AD-4DE3-AB9D-3768ECC83FA4} = {3AA8B82A-F6AA-457E-B75A-B9C3ACC49C17}
		{F402C820-E8D4-47EC-A0B0-BBBD72567F75} = {3AA8B82A-F6AA-457E-B75A-B9C3ACC49C17}
		{06293C60-A6F4-4F50-A8A4-D9BA4A0A0C06} = {3AA8B82A-F6AA-457E-B75A-B9C3ACC49C17}
		{1FEE1C51-4602-4823-91CC-1638F3B5C4E3} = {3AA8B82A-F6AA-457E-B75A-B9C3ACC49C17}
		{17CC6447-A665-4158-88B2-43A5F7EA29C4} = {3AA8B82A-F6AA-457E-B75A-B9C3ACC49C17}
		{1EA5B4F6-828B-4B70-A924-590BCA56DD9B} = {3AA8B82A-F6AA-457E-B75A-B9C3ACC49C17}
		{41FCDB1D-1916-46FB-BFDC-198C76D2C14C} = {3AA8B82A-F6AA-457E-B75A-B9C3ACC49C17}
		{7801656B-3355-4623-8793-AC230A29C96C} = {3AA8B82A-F6AA-457E-B75A-B9C3ACC49C17}
		{854B4E0A-1D53-42F8-AE78-4631DE4EA748} = {96949148-8558-4406-AB2F-38A6F3E10132}
		{C6864F50-ED14-4AE3-81C8-C353C2FBF447} = {96949148-8558-4406-AB2F-38A6F3E10132}
		{441AEC49-2ACD-41DA-8BB5-4F5DF047E98D} = {96949148-8558-4406-AB2F-38A6F3E10132}
		{01BD7466-6725-41A8-A256-4B0CDE0033AD} = {955099B8-A90D-4A28-8898-2E386F35BF2C}
		{EEC00C24-4B33-4A74-8D86-DDD770D474EB} = {955099B8-A90D-4A28-8898-2E386F35BF2C}
		{FAABC76E-8F4E-438E-96F5-1E6A13E1B96A} = {6C852FE3-6177-4656-B17B-F29FAD91A121}
	EndGlobalSection
EndGlobal
